
Microsoft Visual Studio Solution File, Format Version 12.00
# Visual Studio Version 16
VisualStudioVersion = 16.0.31424.327
MinimumVisualStudioVersion = 10.0.40219.1
Project("{9A19103F-16F7-4668-BE54-9A1E7A4F7556}") = "GroundControl.Interview.SeniorDeveloper.Api", "GroundControl.Interview.SeniorDeveloper.Api\GroundControl.Interview.SeniorDeveloper.Api.csproj", "{8E001ABD-41E4-43FC-99C0-8817F23C7789}"
EndProject
Project("{9A19103F-16F7-4668-BE54-9A1E7A4F7556}") = "GroundControl.Interview.SeniorDeveloper.Model", "GroundControl.Interview.SeniorDeveloper.Model\GroundControl.Interview.SeniorDeveloper.Model.csproj", "{B9EE68BA-0FA7-48DC-8B13-A0A9451C4C23}"
EndProject
Project("{FAE04EC0-301F-11D3-BF4B-00C04F79EFBC}") = "Sanjeeb.Interview.Web", "Sanjeeb.Interview.Web\Sanjeeb.Interview.Web.csproj", "{16B09C97-C2C5-4128-B5B9-2FB4F1914FD2}"
EndProject
Global
	GlobalSection(SolutionConfigurationPlatforms) = preSolution
		Debug|Any CPU = Debug|Any CPU
		Release|Any CPU = Release|Any CPU
	EndGlobalSection
	GlobalSection(ProjectConfigurationPlatforms) = postSolution
		{8E001ABD-41E4-43FC-99C0-8817F23C7789}.Debug|Any CPU.ActiveCfg = Debug|Any CPU
		{8E001ABD-41E4-43FC-99C0-8817F23C7789}.Debug|Any CPU.Build.0 = Debug|Any CPU
		{8E001ABD-41E4-43FC-99C0-8817F23C7789}.Release|Any CPU.ActiveCfg = Release|Any CPU
		{8E001ABD-41E4-43FC-99C0-8817F23C7789}.Release|Any CPU.Build.0 = Release|Any CPU
		{B9EE68BA-0FA7-48DC-8B13-A0A9451C4C23}.Debug|Any CPU.ActiveCfg = Debug|Any CPU
		{B9EE68BA-0FA7-48DC-8B13-A0A9451C4C23}.Debug|Any CPU.Build.0 = Debug|Any CPU
		{B9EE68BA-0FA7-48DC-8B13-A0A9451C4C23}.Release|Any CPU.ActiveCfg = Release|Any CPU
		{B9EE68BA-0FA7-48DC-8B13-A0A9451C4C23}.Release|Any CPU.Build.0 = Release|Any CPU
		{16B09C97-C2C5-4128-B5B9-2FB4F1914FD2}.Debug|Any CPU.ActiveCfg = Debug|Any CPU
		{16B09C97-C2C5-4128-B5B9-2FB4F1914FD2}.Debug|Any CPU.Build.0 = Debug|Any CPU
		{16B09C97-C2C5-4128-B5B9-2FB4F1914FD2}.Release|Any CPU.ActiveCfg = Release|Any CPU
		{16B09C97-C2C5-4128-B5B9-2FB4F1914FD2}.Release|Any CPU.Build.0 = Release|Any CPU
	EndGlobalSection
	GlobalSection(SolutionProperties) = preSolution
		HideSolutionNode = FALSE
	EndGlobalSection
	GlobalSection(ExtensibilityGlobals) = postSolution
		SolutionGuid = {90B771C8-8810-4750-AD94-6A8E50864659}
	EndGlobalSection
EndGlobal
